PODS:
  - CTFeedbackSwift (0.1.3)
  - MHAboutViewController (0.1.0):
    - CTFeedbackSwift
    - SwiftyStoreKit
  - SwiftyStoreKit (0.13.0)

DEPENDENCIES:
  - MHAboutViewController (from `../`)

EXTERNAL SOURCES:
  MHAboutViewController:
    :path: ../

SPEC CHECKSUMS:
  CTFeedbackSwift: cd399cb4e60f72f7553b33dc07069a7ed6169ece
  MHAboutViewController: 53e13066fde14abb35eb5daf063beb9cfbf533a8
  SwiftyStoreKit: df6a58aba530128e1c5d5ae4fe7d191e5ac50d5d

PODFILE CHECKSUM: 71292ccbc0e7d9b9257de21ac86b5a4ec7ae2f1c

COCOAPODS: 1.4.0
