PODS:
  - CTFeedbackSwift (0.1.7)
  - MHAboutViewController (0.1.6):
    - CTFeedbackSwift
    - SwiftyStoreKit
  - SwiftyStoreKit (0.15.0)

DEPENDENCIES:
  - MHAboutViewController (from `../`)

SPEC REPOS:
  trunk:
    - CTFeedbackSwift
    - SwiftyStoreKit

EXTERNAL SOURCES:
  MHAboutViewController:
    :path: "../"

SPEC CHECKSUMS:
  CTFeedbackSwift: 2a0d844ef8bade492f3cad59b21c8bd8300f5a91
  MHAboutViewController: cda8d1d43e0bb3d6b7e98431d63f298fefd8380b
  SwiftyStoreKit: 033d06b6f87955405d3f844a18a7687c2438592a

PODFILE CHECKSUM: 71292ccbc0e7d9b9257de21ac86b5a4ec7ae2f1c

COCOAPODS: 1.8.4
