PODS:
  - CTFeedbackSwift (0.1.6)
  - MHAboutViewController (0.1.0):
    - CTFeedbackSwift
    - SwiftyStoreKit
  - SwiftyStoreKit (0.13.3)

DEPENDENCIES:
  - MHAboutViewController (from `../`)

SPEC REPOS:
  https://github.com/CocoaPods/Specs.git:
    - CTFeedbackSwift
    - SwiftyStoreKit

EXTERNAL SOURCES:
  MHAboutViewController:
    :path: "../"

SPEC CHECKSUMS:
  CTFeedbackSwift: 363edba6d8ae74331117e9ac913abba549ae8dc0
  MHAboutViewController: 22aa3758175cc7e4235a87cbdcd0c5418685361f
  SwiftyStoreKit: 9ebd15971e28aa2989825fe8bc092eb5f75dd0b2

PODFILE CHECKSUM: 71292ccbc0e7d9b9257de21ac86b5a4ec7ae2f1c

COCOAPODS: 1.5.0
